
Microsoft Visual Studio Solution File, Format Version 12.00
# Visual Studio 2015
Project("{FAE04EC0-301F-11D3-BF4B-00C04F79EFBC}") = "Test_calibration", "Test_calibration.csproj", "{D29E5305-F0DE-365B-FA52-5F46B3596B13}"
EndProject
Project("{FAE04EC0-301F-11D3-BF4B-00C04F79EFBC}") = "Test_calibration.Editor", "Test_calibration.Editor.csproj", "{90193C90-5434-CF1F-F47C-2B6B833444C4}"
EndProject
Global
	GlobalSection(SolutionConfigurationPlatforms) = preSolution
		Debug|Any CPU = Debug|Any CPU
		Release|Any CPU = Release|Any CPU
	EndGlobalSection
	GlobalSection(ProjectConfigurationPlatforms) = postSolution
		{D29E5305-F0DE-365B-FA52-5F46B3596B13}.Debug|Any CPU.ActiveCfg = Debug|Any CPU
		{D29E5305-F0DE-365B-FA52-5F46B3596B13}.Debug|Any CPU.Build.0 = Debug|Any CPU
		{D29E5305-F0DE-365B-FA52-5F46B3596B13}.Release|Any CPU.ActiveCfg = Release|Any CPU
		{D29E5305-F0DE-365B-FA52-5F46B3596B13}.Release|Any CPU.Build.0 = Release|Any CPU
		{90193C90-5434-CF1F-F47C-2B6B833444C4}.Debug|Any CPU.ActiveCfg = Debug|Any CPU
		{90193C90-5434-CF1F-F47C-2B6B833444C4}.Debug|Any CPU.Build.0 = Debug|Any CPU
		{90193C90-5434-CF1F-F47C-2B6B833444C4}.Release|Any CPU.ActiveCfg = Release|Any CPU
		{90193C90-5434-CF1F-F47C-2B6B833444C4}.Release|Any CPU.Build.0 = Release|Any CPU
	EndGlobalSection
	GlobalSection(SolutionProperties) = preSolution
		HideSolutionNode = FALSE
	EndGlobalSection
EndGlobal
